{
    "_meta": {
        "hash": {
            "sha256": "7224d160a268953cfc16bae51de512290e5683c36a8d4c8befff2c95ef6c5a80"
        },
        "pipfile-spec": 6,
        "requires": {
            "python_version": ">=3.11"
        },
        "sources": [
            {
                "name": "pypi",
                "url": "https://pypi.org/simple",
                "verify_ssl": true
            }
        ]
    },
    "default": {
        "asgiref": {
            "hashes": [
                "sha256:3e1e3ecc849832fe52ccf2cb6686b7a55f82bb1d6aee72a58826471390335e47",
                "sha256:c343bd80a0bec947a9860adb4c432ffa7db769836c64238fc34bdc3fec84d590"
            ],
            "index": "pypi",
            "markers": "python_version >= '3.8'",
            "version": "==3.8.1"
        },
        "beautifulsoup4": {
            "hashes": [
                "sha256:74e3d1928edc070d21748185c46e3fb33490f22f52a3addee9aee0f4f7781051",
                "sha256:b80878c9f40111313e55da8ba20bdba06d8fa3969fc68304167741bbf9e082ed"
            ],
            "index": "pypi",
            "markers": "python_full_version >= '3.6.0'",
            "version": "==4.12.3"
        },
        "certifi": {
            "hashes": [
                "sha256:922820b53db7a7257ffbda3f597266d435245903d80737e34f8a45ff3e3230d8",
                "sha256:bec941d2aa8195e248a60b31ff9f0558284cf01a52591ceda73ea9afffd69fd9"
            ],
            "index": "pypi",
            "markers": "python_version >= '3.6'",
            "version": "==2024.8.30"
        },
        "coverage": {
            "hashes": [
                "sha256:0266b62cbea568bd5e93a4da364d05de422110cbed5056d69339bd5af5685433",
                "sha256:0573f5cbf39114270842d01872952d301027d2d6e2d84013f30966313cadb529",
                "sha256:0ddcb70b3a3a57581b450571b31cb774f23eb9519c2aaa6176d3a84c9fc57671",
                "sha256:108bb458827765d538abcbf8288599fee07d2743357bdd9b9dad456c287e121e",
                "sha256:14045b8bfd5909196a90da145a37f9d335a5d988a83db34e80f41e965fb7cb42",
                "sha256:1a5407a75ca4abc20d6252efeb238377a71ce7bda849c26c7a9bece8680a5d99",
                "sha256:2bc3e45c16564cc72de09e37413262b9f99167803e5e48c6156bccdfb22c8327",
                "sha256:2d608a7808793e3615e54e9267519351c3ae204a6d85764d8337bd95993581a8",
                "sha256:34d23e28ccb26236718a3a78ba72744212aa383141961dd6825f6595005c8b06",
                "sha256:37a15573f988b67f7348916077c6d8ad43adb75e478d0910957394df397d2874",
                "sha256:3c0317288f032221d35fa4cbc35d9f4923ff0dfd176c79c9b356e8ef8ef2dff4",
                "sha256:3c42ec2c522e3ddd683dec5cdce8e62817afb648caedad9da725001fa530d354",
                "sha256:3c6b24007c4bcd0b19fac25763a7cac5035c735ae017e9a349b927cfc88f31c1",
                "sha256:40cca284c7c310d622a1677f105e8507441d1bb7c226f41978ba7c86979609ab",
                "sha256:46f21663e358beae6b368429ffadf14ed0a329996248a847a4322fb2e35d64d3",
                "sha256:49ed5ee4109258973630c1f9d099c7e72c5c36605029f3a91fe9982c6076c82b",
                "sha256:5c95e0fa3d1547cb6f021ab72f5c23402da2358beec0a8e6d19a368bd7b0fb37",
                "sha256:5dd4e4a49d9c72a38d18d641135d2fb0bdf7b726ca60a103836b3d00a1182acd",
                "sha256:5e444b8e88339a2a67ce07d41faabb1d60d1004820cee5a2c2b54e2d8e429a0f",
                "sha256:60dcf7605c50ea72a14490d0756daffef77a5be15ed1b9fea468b1c7bda1bc3b",
                "sha256:623e6965dcf4e28a3debaa6fcf4b99ee06d27218f46d43befe4db1c70841551c",
                "sha256:673184b3156cba06154825f25af33baa2671ddae6343f23175764e65a8c4c30b",
                "sha256:6cf96ceaa275f071f1bea3067f8fd43bec184a25a962c754024c973af871e1b7",
                "sha256:70a56a2ec1869e6e9fa69ef6b76b1a8a7ef709972b9cc473f9ce9d26b5997ce3",
                "sha256:77256ad2345c29fe59ae861aa11cfc74579c88d4e8dbf121cbe46b8e32aec808",
                "sha256:796c9b107d11d2d69e1849b2dfe41730134b526a49d3acb98ca02f4985eeff7a",
                "sha256:7c07de0d2a110f02af30883cd7dddbe704887617d5c27cf373362667445a4c76",
                "sha256:7e61b0e77ff4dddebb35a0e8bb5a68bf0f8b872407d8d9f0c726b65dfabe2469",
                "sha256:82c809a62e953867cf57e0548c2b8464207f5f3a6ff0e1e961683e79b89f2c55",
                "sha256:850cfd2d6fc26f8346f422920ac204e1d28814e32e3a58c19c91980fa74d8289",
                "sha256:87ea64b9fa52bf395272e54020537990a28078478167ade6c61da7ac04dc14bc",
                "sha256:90746521206c88bdb305a4bf3342b1b7316ab80f804d40c536fc7d329301ee13",
                "sha256:951aade8297358f3618a6e0660dc74f6b52233c42089d28525749fc8267dccd2",
                "sha256:963e4a08cbb0af6623e61492c0ec4c0ec5c5cf74db5f6564f98248d27ee57d30",
                "sha256:987a8e3da7da4eed10a20491cf790589a8e5e07656b6dc22d3814c4d88faf163",
                "sha256:9c2eb378bebb2c8f65befcb5147877fc1c9fbc640fc0aad3add759b5df79d55d",
                "sha256:a1ab9763d291a17b527ac6fd11d1a9a9c358280adb320e9c2672a97af346ac2c",
                "sha256:a3b925300484a3294d1c70f6b2b810d6526f2929de954e5b6be2bf8caa1f12c1",
                "sha256:acbb8af78f8f91b3b51f58f288c0994ba63c646bc1a8a22ad072e4e7e0a49f1c",
                "sha256:ad32a981bcdedb8d2ace03b05e4fd8dace8901eec64a532b00b15217d3677dd2",
                "sha256:aee9cf6b0134d6f932d219ce253ef0e624f4fa588ee64830fcba193269e4daa3",
                "sha256:af05bbba896c4472a29408455fe31b3797b4d8648ed0a2ccac03e074a77e2314",
                "sha256:b6cce5c76985f81da3769c52203ee94722cd5d5889731cd70d31fee939b74bf0",
                "sha256:bb684694e99d0b791a43e9fc0fa58efc15ec357ac48d25b619f207c41f2fd384",
                "sha256:c132b5a22821f9b143f87446805e13580b67c670a548b96da945a8f6b4f2efbb",
                "sha256:c296263093f099da4f51b3dff1eff5d4959b527d4f2f419e16508c5da9e15e8c",
                "sha256:c973b2fe4dc445cb865ab369df7521df9c27bf40715c837a113edaa2aa9faf45",
                "sha256:cdd94501d65adc5c24f8a1a0eda110452ba62b3f4aeaba01e021c1ed9cb8f34a",
                "sha256:d79d4826e41441c9a118ff045e4bccb9fdbdcb1d02413e7ea6eb5c87b5439d24",
                "sha256:dbba8210f5067398b2c4d96b4e64d8fb943644d5eb70be0d989067c8ca40c0f8",
                "sha256:df002e59f2d29e889c37abd0b9ee0d0e6e38c24f5f55d71ff0e09e3412a340ec",
                "sha256:dfd14bcae0c94004baba5184d1c935ae0d1231b8409eb6c103a5fd75e8ecdc56",
                "sha256:e25bacb53a8c7325e34d45dddd2f2fbae0dbc230d0e2642e264a64e17322a777",
                "sha256:e2c8e3384c12dfa19fa9a52f23eb091a8fad93b5b81a41b14c17c78e23dd1d8b",
                "sha256:e5f2a0f161d126ccc7038f1f3029184dbdf8f018230af17ef6fd6a707a5b881f",
                "sha256:e69ad502f1a2243f739f5bd60565d14a278be58be4c137d90799f2c263e7049a",
                "sha256:ead9b9605c54d15be228687552916c89c9683c215370c4a44f1f217d2adcc34d",
                "sha256:f07ff574986bc3edb80e2c36391678a271d555f91fd1d332a1e0f4b5ea4b6ea9",
                "sha256:f2c7a045eef561e9544359a0bf5784b44e55cefc7261a20e730baa9220c83413",
                "sha256:f3e8796434a8106b3ac025fd15417315d7a58ee3e600ad4dbcfddc3f4b14342c",
                "sha256:f63e21ed474edd23f7501f89b53280014436e383a14b9bd77a648366c81dce7b",
                "sha256:fd49c01e5057a451c30c9b892948976f5d38f2cbd04dc556a82743ba8e27ed8c"
            ],
            "index": "pypi",
            "markers": "python_version >= '3.9'",
            "version": "==7.6.7"
        },
        "crispy-bootstrap5": {
            "hashes": [
                "sha256:3867e320920a6ef156e94f9e0f06a80344c453e1b3bd96cd9dc0522ae9e9afb8",
                "sha256:7d1fa40c6faf472e30e85c72551a3d2c9eedbf0abfff920683315e4e6f670f2b"
            ],
            "index": "pypi",
            "markers": "python_version >= '3.8'",
            "version": "==2024.2"
        },
        "distlib": {
            "hashes": [
                "sha256:034db59a0b96f8ca18035f36290806a9a6e6bd9d1ff91e45a7f172eb17e51784",
                "sha256:1530ea13e350031b6312d8580ddb6b27a104275a31106523b8f123787f494f64"
            ],
            "index": "pypi",
            "version": "==0.3.8"
        },
        "django": {
            "hashes": [
                "sha256:021ffb7fdab3d2d388bc8c7c2434eb9c1f6f4d09e6119010bbb1694dda286bc2",
                "sha256:71603f27dac22a6533fb38d83072eea9ddb4017fead6f67f2562a40402d61c3f"
            ],
            "index": "pypi",
            "markers": "python_version >= '3.10'",
            "version": "==5.1.1"
        },
        "django-appconf": {
            "hashes": [
                "sha256:c3ae442fba1ff7ec830412c5184b17169a7a1e71cf0864a4c3f93cf4c98a1993",
                "sha256:cfe87ea827c4ee04b9a70fab90b86d704cb02f2981f89da8423cb0fabf88efbf"
            ],
            "markers": "python_version >= '3.7'",
            "version": "==1.0.6"
        },
        "django-bootstrap5": {
            "hashes": [
                "sha256:6a5d83e9ff1952f7c07c54cebcb76c85f09787b8b57eeb4ec07554cd583acc64",
                "sha256:a3cee2b3d45745210c5b898af2917f310f44df746269fe09a93be28a0adc2a4b"
            ],
            "index": "pypi",
            "markers": "python_version >= '3.8'",
            "version": "==24.2"
        },
        "django-browser-reload": {
            "hashes": [
                "sha256:55b72335568b988e3a2beddb1703db6951516355925d3fc9c587f0bbd9e8efaa",
                "sha256:ed094386c587a95ff4f34a0d302ecd58f15e919784c4c76a97f7cb977446104c"
            ],
            "index": "pypi",
            "markers": "python_version >= '3.8'",
            "version": "==1.15.0"
        },
        "django-crispy-forms": {
            "hashes": [
                "sha256:2db17ae08527201be1273f0df789e5f92819e23dd28fec69cffba7f3762e1a38",
                "sha256:efc4c31e5202bbec6af70d383a35e12fc80ea769d464fb0e7fe21768bb138a20"
            ],
            "index": "pypi",
            "markers": "python_version >= '3.8'",
            "version": "==2.3"
        },
        "django-extensions": {
            "hashes": [
                "sha256:44d27919d04e23b3f40231c4ab7af4e61ce832ef46d610cc650d53e68328410a",
                "sha256:9600b7562f79a92cbf1fde6403c04fee314608fefbb595502e34383ae8203401"
            ],
            "index": "pypi",
            "markers": "python_version >= '3.6'",
            "version": "==3.2.3"
        },
        "django-select2": {
            "hashes": [
                "sha256:2d7f52b5cd362c4d0b1bf4caca8ad8463ae269b252eebbab4afabd762d08baf5",
                "sha256:dc03524c1cf7ef970e8b3ab2de76ce3179e414254fa812d8e2d2f0ba6fa487ba"
            ],
            "index": "pypi",
            "markers": "python_version >= '3.8'",
            "version": "==8.2.1"
        },
        "filelock": {
            "hashes": [
                "sha256:2082e5703d51fbf98ea75855d9d5527e33d8ff23099bec374a134febee6946b0",
                "sha256:c249fbfcd5db47e5e2d6d62198e565475ee65e4831e2561c8e313fa7eb961435"
            ],
            "index": "pypi",
            "markers": "python_version >= '3.8'",
            "version": "==3.16.1"
        },
        "fuzzywuzzy": {
            "hashes": [
                "sha256:45016e92264780e58972dca1b3d939ac864b78437422beecebb3095f8efd00e8",
                "sha256:928244b28db720d1e0ee7587acf660ea49d7e4c632569cad4f1cd7e68a5f0993"
            ],
            "index": "pypi",
            "version": "==0.18.0"
        },
        "levenshtein": {
            "hashes": [
                "sha256:04b7cabb82edf566b1579b3ed60aac0eec116655af75a3c551fee8754ffce2ea",
                "sha256:07227281e12071168e6ae59238918a56d2a0682e529f747b5431664f302c0b42",
                "sha256:0ae7cd6e4312c6ef34b2e273836d18f9fff518d84d823feff5ad7c49668256e0",
                "sha256:0d19ba22330d50609b2349021ec3cf7d905c6fe21195a2d0d876a146e7ed2575",
                "sha256:0eb3059f826f6cb0a5bca4a85928070f01e8202e7ccafcba94453470f83e49d4",
                "sha256:1010814b1d7a60833a951f2756dfc5c10b61d09976ce96a0edae8fecdfb0ea7c",
                "sha256:13946e37323728695ba7a22f3345c2e907d23f4600bc700bf9b4352fb0c72a48",
                "sha256:18f00a3eebf68a82fb651d8d0e810c10bfaa60c555d21dde3ff81350c74fb4c2",
                "sha256:219c30be6aa734bf927188d1208b7d78d202a3eb017b1c5f01ab2034d2d4ccca",
                "sha256:2532f8a13b68bf09f152d906f118a88da2063da22f44c90e904b142b0a53d534",
                "sha256:270d36c5da04a0d89990660aea8542227cbd8f5bc34e9fdfadd34916ff904520",
                "sha256:2c23e749b68ebc9a20b9047317b5cd2053b5856315bc8636037a8adcbb98bed1",
                "sha256:3351ddb105ef010cc2ce474894c5d213c83dddb7abb96400beaa4926b0b745bd",
                "sha256:33e2517e8d3c221de2d1183f400aed64211fcfc77077b291ed9f3bb64f141cdc",
                "sha256:33fa329d1bb65ce85e83ceda281aea31cee9f2f6e167092cea54f922080bcc66",
                "sha256:3535ecfd88c9b283976b5bc61265855f59bba361881e92ed2b5367b6990c93fe",
                "sha256:397e245e77f87836308bd56305bba630010cd8298c34c4c44bd94990cdb3b7b1",
                "sha256:42d6fa242e3b310ce6bfd5af0c83e65ef10b608b885b3bb69863c01fb2fcff98",
                "sha256:44c51f5d33b3cfb9db518b36f1288437a509edd82da94c4400f6a681758e0cb6",
                "sha256:480674c05077eeb0b0f748546d4fcbb386d7c737f9fff0010400da3e8b552942",
                "sha256:48825c9f967f922061329d1481b70e9fee937fc68322d6979bc623f69f75bc91",
                "sha256:488a945312f2f16460ab61df5b4beb1ea2254c521668fd142ce6298006296c98",
                "sha256:4e9de292f2c51a7d34a0ae23bec05391b8f61f35781cd3e4c6d0533e06250c55",
                "sha256:4f052c55046c2a9c9b5f742f39e02fa6e8db8039048b8c1c9e9fdd27c8a240a1",
                "sha256:51ba374de7a1797d04a14a4f0ad3602d2d71fef4206bb20a6baaa6b6a502da58",
                "sha256:55b1024516c59df55f1cf1a8651659a568f2c5929d863d3da1ce8893753153bd",
                "sha256:56b93203e725f9df660e2afe3d26ba07d71871b6d6e05b8b767e688e23dfb076",
                "sha256:69229d651c97ed5b55b7ce92481ed00635cdbb80fbfb282a22636e6945dc52d5",
                "sha256:6c389e44da12d6fb1d7ba0a709a32a96c9391e9be4160ccb9269f37e040599ee",
                "sha256:6cf8f1efaf90ca585640c5d418c30b7d66d9ac215cee114593957161f63acde0",
                "sha256:6f53f9173ae21b650b4ed8aef1d0ad0c37821f367c221a982f4d2922b3044e0d",
                "sha256:790374a9f5d2cbdb30ee780403a62e59bef51453ac020668c1564d1e43438f0e",
                "sha256:798f2b525a2e90562f1ba9da21010dde0d73730e277acaa5c52d2a6364fd3e2a",
                "sha256:79dcd157046d62482a7719b08ba9e3ce9ed3fc5b015af8ea989c734c702aedd4",
                "sha256:79dd6ad799784ea7b23edd56e3bf94b3ca866c4c6dee845658ee75bb4aefdabf",
                "sha256:7b05c0415c386d00efda83d48db9db68edd02878d6dbc6df01194f12062be1bb",
                "sha256:7b50c3620ff47c9887debbb4c154aaaac3e46be7fc2e5789ee8dbe128bce6a17",
                "sha256:7e82f2ea44a81ad6b30d92a110e04cd3c8c7c6034b629aca30a3067fa174ae89",
                "sha256:8191241cd8934feaf4d05d0cc0e5e72877cbb17c53bbf8c92af9f1aedaa247e9",
                "sha256:81c57e1135c38c5e6e3675b5e2077d8a8d3be32bf0a46c57276c092b1dffc697",
                "sha256:821ace3b4e1c2e02b43cf5dc61aac2ea43bdb39837ac890919c225a2c3f2fea4",
                "sha256:8adcc90e3a5bfb0a463581d85e599d950fe3c2938ac6247b29388b64997f6e2d",
                "sha256:8dc4a4aecad538d944a1264c12769c99e3c0bf8e741fc5e454cc954913befb2e",
                "sha256:8f80dd7432d4b6cf493d012d22148db7af769017deb31273e43406b1fb7f091c",
                "sha256:90236e93d98bdfd708883a6767826fafd976dac8af8fc4a0fb423d4fa08e1bf0",
                "sha256:9092b622765c7649dd1d8af0f43354723dd6f4e570ac079ffd90b41033957438",
                "sha256:91d5e7d984891df3eff7ea9fec8cf06fdfacc03cd074fd1a410435706f73b079",
                "sha256:9895b3a98f6709e293615fde0dcd1bb0982364278fa2072361a1a31b3e388b7a",
                "sha256:9d12c8390f156745e533d01b30773b9753e41d8bbf8bf9dac4b97628cdf16314",
                "sha256:9d87215113259efdca8716e53b6d59ab6d6009e119d95d45eccc083148855f33",
                "sha256:9e70d7ee157a9b698c73014f6e2b160830e7d2d64d2e342fefc3079af3c356fc",
                "sha256:9f942104adfddd4b336c3997050121328c39479f69de702d7d144abb69ea7ab9",
                "sha256:9fb859da90262eb474c190b3ca1e61dee83add022c676520f5c05fdd60df902a",
                "sha256:a19862e3539a697df722a08793994e334cd12791e8144851e8a1dee95a17ff63",
                "sha256:a323161dfeeac6800eb13cfe76a8194aec589cd948bcf1cdc03f66cc3ec26b72",
                "sha256:a3777de1d8bfca054465229beed23994f926311ce666f5a392c8859bb2722f16",
                "sha256:ae382af8c76f6d2a040c0d9ca978baf461702ceb3f79a0a3f6da8d596a484c5b",
                "sha256:aeff6ea3576f72e26901544c6c55c72a7b79b9983b6f913cba0e9edbf2f87a97",
                "sha256:b01061d377d1944eb67bc40bef5d4d2f762c6ab01598efd9297ce5d0047eb1b5",
                "sha256:b3554c1b59de63d05075577380340c185ff41b028e541c0888fddab3c259a2b4",
                "sha256:b817376de4195a207cc0e4ca37754c0e1e1078c2a2d35a6ae502afde87212f9e",
                "sha256:b8b68295808893a81e0a1dbc2274c30dd90880f14d23078e8eb4325ee615fc68",
                "sha256:b952b3732c4631c49917d4b15d78cb4a2aa006c1d5c12e2a23ba8e18a307a055",
                "sha256:bb6c7347424a91317c5e1b68041677e4c8ed3e7823b5bbaedb95bffb3c3497ea",
                "sha256:c1d8f85b2672939f85086ed75effcf768f6077516a3e299c2ba1f91bc4644c22",
                "sha256:c2599407e029865dc66d210b8804c7768cbdbf60f061d993bb488d5242b0b73e",
                "sha256:c3114586032361722ddededf28401ce5baf1cf617f9f49fb86b8766a45a423ff",
                "sha256:cc741ca406d3704dc331a69c04b061fc952509a069b79cab8287413f434684bd",
                "sha256:ceb673f572d1d0dc9b1cd75792bb8bad2ae8eb78a7c6721e23a3867d318cb6f2",
                "sha256:d5b2953978b8c158dd5cd93af8216a5cfddbf9de66cf5481c2955f44bb20767a",
                "sha256:d8ec137170b95736842f99c0e7a9fd8f5641d0c1b63b08ce027198545d983e2b",
                "sha256:dc3b5a64f57c3c078d58b1e447f7d68cad7ae1b23abe689215d03fc434f8f176",
                "sha256:dc54ced948fc3feafce8ad4ba4239d8ffc733a0d70e40c0363ac2a7ab2b7251e",
                "sha256:dcdad740e841d791b805421c2b20e859b4ed556396d3063b3aa64cd055be648c",
                "sha256:e07afb1613d6f5fd99abd4e53ad3b446b4efaa0f0d8e9dfb1d6d1b9f3f884d32",
                "sha256:e1e83af732726987d2c4cd736f415dae8b966ba17b7a2239c8b7ffe70bfb5543",
                "sha256:e4370733967f5994ceeed8dc211089bedd45832ee688cecea17bfd35a9eb22b9",
                "sha256:e52575cbc6b9764ea138a6f82d73d3b1bc685fe62e207ff46a963d4c773799f6",
                "sha256:e6516f69213ae393a220e904332f1a6bfc299ba22cf27a6520a1663a08eba0fb",
                "sha256:ec108f368c12b25787c8b1a4537a1452bc53861c3ee4abc810cc74098278edcd",
                "sha256:f1add8f1d83099a98ae4ac472d896b7e36db48c39d3db25adf12b373823cdeff",
                "sha256:f3956f3c5c229257dbeabe0b6aacd2c083ebcc1e335842a6ff2217fe6cc03b6b",
                "sha256:f48abff54054b4142ad03b323e80aa89b1d15cabc48ff49eb7a6ff7621829a56",
                "sha256:f4cfea4eada1746d0c75a864bc7e9e63d4a6e987c852d6cec8d9cb0c83afe25b",
                "sha256:f7aa5c3327dda4ef952769bacec09c09ff5bf426e07fdc94478c37955681885b",
                "sha256:f92694c9396f55d4c91087efacf81297bef152893806fc54c289fc0254b45384",
                "sha256:fc16796c85d7d8b259881d59cc8b5e22e940901928c2ff6924b2c967924e8a0b",
                "sha256:fd091209798cfdce53746f5769987b4108fe941c54fb2e058c016ffc47872918"
            ],
            "index": "pypi",
            "markers": "python_version >= '3.9'",
            "version": "==0.26.1"
        },
        "packaging": {
            "hashes": [
                "sha256:026ed72c8ed3fcce5bf8950572258698927fd1dbda10a5e981cdf0ac37f4f002",
                "sha256:5b8f2217dbdbd2f7f384c41c628544e6d52f2d0f53c6d0c3ea61aa5d1d7ff124"
            ],
            "index": "pypi",
            "markers": "python_version >= '3.8'",
            "version": "==24.1"
        },
        "pillow": {
            "hashes": [
                "sha256:02a2be69f9c9b8c1e97cf2713e789d4e398c751ecfd9967c18d0ce304efbf885",
                "sha256:030abdbe43ee02e0de642aee345efa443740aa4d828bfe8e2eb11922ea6a21ea",
                "sha256:06b2f7898047ae93fad74467ec3d28fe84f7831370e3c258afa533f81ef7f3df",
                "sha256:0755ffd4a0c6f267cccbae2e9903d95477ca2f77c4fcf3a3a09570001856c8a5",
                "sha256:0a9ec697746f268507404647e531e92889890a087e03681a3606d9b920fbee3c",
                "sha256:0ae24a547e8b711ccaaf99c9ae3cd975470e1a30caa80a6aaee9a2f19c05701d",
                "sha256:134ace6dc392116566980ee7436477d844520a26a4b1bd4053f6f47d096997fd",
                "sha256:166c1cd4d24309b30d61f79f4a9114b7b2313d7450912277855ff5dfd7cd4a06",
                "sha256:1b5dea9831a90e9d0721ec417a80d4cbd7022093ac38a568db2dd78363b00908",
                "sha256:1d846aea995ad352d4bdcc847535bd56e0fd88d36829d2c90be880ef1ee4668a",
                "sha256:1ef61f5dd14c300786318482456481463b9d6b91ebe5ef12f405afbba77ed0be",
                "sha256:297e388da6e248c98bc4a02e018966af0c5f92dfacf5a5ca22fa01cb3179bca0",
                "sha256:298478fe4f77a4408895605f3482b6cc6222c018b2ce565c2b6b9c354ac3229b",
                "sha256:29dbdc4207642ea6aad70fbde1a9338753d33fb23ed6956e706936706f52dd80",
                "sha256:2db98790afc70118bd0255c2eeb465e9767ecf1f3c25f9a1abb8ffc8cfd1fe0a",
                "sha256:32cda9e3d601a52baccb2856b8ea1fc213c90b340c542dcef77140dfa3278a9e",
                "sha256:37fb69d905be665f68f28a8bba3c6d3223c8efe1edf14cc4cfa06c241f8c81d9",
                "sha256:416d3a5d0e8cfe4f27f574362435bc9bae57f679a7158e0096ad2beb427b8696",
                "sha256:43efea75eb06b95d1631cb784aa40156177bf9dd5b4b03ff38979e048258bc6b",
                "sha256:4b35b21b819ac1dbd1233317adeecd63495f6babf21b7b2512d244ff6c6ce309",
                "sha256:4d9667937cfa347525b319ae34375c37b9ee6b525440f3ef48542fcf66f2731e",
                "sha256:5161eef006d335e46895297f642341111945e2c1c899eb406882a6c61a4357ab",
                "sha256:543f3dc61c18dafb755773efc89aae60d06b6596a63914107f75459cf984164d",
                "sha256:551d3fd6e9dc15e4c1eb6fc4ba2b39c0c7933fa113b220057a34f4bb3268a060",
                "sha256:59291fb29317122398786c2d44427bbd1a6d7ff54017075b22be9d21aa59bd8d",
                "sha256:5b001114dd152cfd6b23befeb28d7aee43553e2402c9f159807bf55f33af8a8d",
                "sha256:5b4815f2e65b30f5fbae9dfffa8636d992d49705723fe86a3661806e069352d4",
                "sha256:5dc6761a6efc781e6a1544206f22c80c3af4c8cf461206d46a1e6006e4429ff3",
                "sha256:5e84b6cc6a4a3d76c153a6b19270b3526a5a8ed6b09501d3af891daa2a9de7d6",
                "sha256:6209bb41dc692ddfee4942517c19ee81b86c864b626dbfca272ec0f7cff5d9fb",
                "sha256:673655af3eadf4df6b5457033f086e90299fdd7a47983a13827acf7459c15d94",
                "sha256:6c762a5b0997f5659a5ef2266abc1d8851ad7749ad9a6a5506eb23d314e4f46b",
                "sha256:7086cc1d5eebb91ad24ded9f58bec6c688e9f0ed7eb3dbbf1e4800280a896496",
                "sha256:73664fe514b34c8f02452ffb73b7a92c6774e39a647087f83d67f010eb9a0cf0",
                "sha256:76a911dfe51a36041f2e756b00f96ed84677cdeb75d25c767f296c1c1eda1319",
                "sha256:780c072c2e11c9b2c7ca37f9a2ee8ba66f44367ac3e5c7832afcfe5104fd6d1b",
                "sha256:7928ecbf1ece13956b95d9cbcfc77137652b02763ba384d9ab508099a2eca856",
                "sha256:7970285ab628a3779aecc35823296a7869f889b8329c16ad5a71e4901a3dc4ef",
                "sha256:7a8d4bade9952ea9a77d0c3e49cbd8b2890a399422258a77f357b9cc9be8d680",
                "sha256:7c1ee6f42250df403c5f103cbd2768a28fe1a0ea1f0f03fe151c8741e1469c8b",
                "sha256:7dfecdbad5c301d7b5bde160150b4db4c659cee2b69589705b6f8a0c509d9f42",
                "sha256:812f7342b0eee081eaec84d91423d1b4650bb9828eb53d8511bcef8ce5aecf1e",
                "sha256:866b6942a92f56300012f5fbac71f2d610312ee65e22f1aa2609e491284e5597",
                "sha256:86dcb5a1eb778d8b25659d5e4341269e8590ad6b4e8b44d9f4b07f8d136c414a",
                "sha256:87dd88ded2e6d74d31e1e0a99a726a6765cda32d00ba72dc37f0651f306daaa8",
                "sha256:8bc1a764ed8c957a2e9cacf97c8b2b053b70307cf2996aafd70e91a082e70df3",
                "sha256:8d4d5063501b6dd4024b8ac2f04962d661222d120381272deea52e3fc52d3736",
                "sha256:8f0aef4ef59694b12cadee839e2ba6afeab89c0f39a3adc02ed51d109117b8da",
                "sha256:930044bb7679ab003b14023138b50181899da3f25de50e9dbee23b61b4de2126",
                "sha256:950be4d8ba92aca4b2bb0741285a46bfae3ca699ef913ec8416c1b78eadd64cd",
                "sha256:961a7293b2457b405967af9c77dcaa43cc1a8cd50d23c532e62d48ab6cdd56f5",
                "sha256:9b885f89040bb8c4a1573566bbb2f44f5c505ef6e74cec7ab9068c900047f04b",
                "sha256:9f4727572e2918acaa9077c919cbbeb73bd2b3ebcfe033b72f858fc9fbef0026",
                "sha256:a02364621fe369e06200d4a16558e056fe2805d3468350df3aef21e00d26214b",
                "sha256:a985e028fc183bf12a77a8bbf36318db4238a3ded7fa9df1b9a133f1cb79f8fc",
                "sha256:ac1452d2fbe4978c2eec89fb5a23b8387aba707ac72810d9490118817d9c0b46",
                "sha256:b15e02e9bb4c21e39876698abf233c8c579127986f8207200bc8a8f6bb27acf2",
                "sha256:b2724fdb354a868ddf9a880cb84d102da914e99119211ef7ecbdc613b8c96b3c",
                "sha256:bbc527b519bd3aa9d7f429d152fea69f9ad37c95f0b02aebddff592688998abe",
                "sha256:bcd5e41a859bf2e84fdc42f4edb7d9aba0a13d29a2abadccafad99de3feff984",
                "sha256:bd2880a07482090a3bcb01f4265f1936a903d70bc740bfcb1fd4e8a2ffe5cf5a",
                "sha256:bee197b30783295d2eb680b311af15a20a8b24024a19c3a26431ff83eb8d1f70",
                "sha256:bf2342ac639c4cf38799a44950bbc2dfcb685f052b9e262f446482afaf4bffca",
                "sha256:c76e5786951e72ed3686e122d14c5d7012f16c8303a674d18cdcd6d89557fc5b",
                "sha256:cbed61494057c0f83b83eb3a310f0bf774b09513307c434d4366ed64f4128a91",
                "sha256:cfdd747216947628af7b259d274771d84db2268ca062dd5faf373639d00113a3",
                "sha256:d7480af14364494365e89d6fddc510a13e5a2c3584cb19ef65415ca57252fb84",
                "sha256:dbc6ae66518ab3c5847659e9988c3b60dc94ffb48ef9168656e0019a93dbf8a1",
                "sha256:dc3e2db6ba09ffd7d02ae9141cfa0ae23393ee7687248d46a7507b75d610f4f5",
                "sha256:dfe91cb65544a1321e631e696759491ae04a2ea11d36715eca01ce07284738be",
                "sha256:e4d49b85c4348ea0b31ea63bc75a9f3857869174e2bf17e7aba02945cd218e6f",
                "sha256:e4db64794ccdf6cb83a59d73405f63adbe2a1887012e308828596100a0b2f6cc",
                "sha256:e553cad5179a66ba15bb18b353a19020e73a7921296a7979c4a2b7f6a5cd57f9",
                "sha256:e88d5e6ad0d026fba7bdab8c3f225a69f063f116462c49892b0149e21b6c0a0e",
                "sha256:ecd85a8d3e79cd7158dec1c9e5808e821feea088e2f69a974db5edf84dc53141",
                "sha256:f5b92f4d70791b4a67157321c4e8225d60b119c5cc9aee8ecf153aace4aad4ef",
                "sha256:f5f0c3e969c8f12dd2bb7e0b15d5c468b51e5017e01e2e867335c81903046a22",
                "sha256:f7baece4ce06bade126fb84b8af1c33439a76d8a6fd818970215e0560ca28c27",
                "sha256:ff25afb18123cea58a591ea0244b92eb1e61a1fd497bf6d6384f09bc3262ec3e",
                "sha256:ff337c552345e95702c5fde3158acb0625111017d0e5f24bf3acdb9cc16b90d1"
            ],
            "index": "pypi",
            "markers": "python_version >= '3.8'",
            "version": "==10.4.0"
        },
        "pillow-avif-plugin": {
            "hashes": [
                "sha256:0014a215e197c52520d3946f3704c8c0932a170cc5783f96d2385f55191dce29",
                "sha256:070b07e47012a3490ab56e62dd629cbe694240159df333f01692c3e5fb8acff8",
                "sha256:07372b7740439cc26346d8e3995de1fd5c49a92ab307321b74b3e6305a7e0e49",
                "sha256:09a7e4b00b18df55b9f34d4f031060ca46d8f5f5e0ba347dda600dcb5172e5f2",
                "sha256:0e699ca8dcfee82732495e101401567184fed6ba10f17e7fb872c46415606ec7",
                "sha256:10e9b2ef297a9825b461715359ae233d6518d9863c877a8652c14d6acae6e9f0",
                "sha256:142d51990b6784ebde4aaecaab5e7f1c65a43ad0f06f7ea990da072e7277e90b",
                "sha256:162b2725fb7c1e2a97dd3e6295f478a51acba5b0ce71535ab3b5fe07075c1990",
                "sha256:1d43a5de556e2ab8437e9d8b07da96e968e0498cb3c0d448c34198c7bac0387c",
                "sha256:2347399f2457e5efacec8fc9e446a5a90252b8723c6a47dc61e2353aa97e3e2e",
                "sha256:25d1dea0c496a49b17a336b271263ea76a4a0af19553565e95c4bb03281a4113",
                "sha256:3008acd3edf86e8e2291d40e9f9eae86f5140415431d21f219df5ca8e8210115",
                "sha256:323804efe752cf4d15fdcf770749ba23d727f8ea94b95cfe42bec597f3b9bbbb",
                "sha256:334e1d39e8b3b4548db690df3735039378e96e1497fd8ba0e25a5e21561b7cf5",
                "sha256:3443da3be828029500c26ba4f41cabec1450eac8d8cb49aedf56d19e0200a3ee",
                "sha256:370de32c70e88a28ed14045a92efe3f0e9b85e082399c80e677b8898a05bcf93",
                "sha256:38a3934bcce34eb1f457434b336e4df8da1cf1eaea9306ca9f12ab5fa466e5a9",
                "sha256:3d1654a1048ad09b6e7553d4eb6e6bd3848be512bab2e283275585609dbda8b0",
                "sha256:41a8c41b56a891adbcff30933009d475fdd649f2025d62ba59885975ed4379c0",
                "sha256:450b34d19d88443e39b011e84b54433f7ccd6cf8774ed626e433ec3cc7d52924",
                "sha256:56be2604b734caf23788922dbcc92d880d241d02b444c7a8367a65bb25b16aac",
                "sha256:57e883963205b7cfe2981ca98db6554c488fbff2b5a6751cfcf065c6e657a922",
                "sha256:584469ea7dedd8ca4f579917cf22f25e8ab980e1b98bbe212cbd7395f881cd42",
                "sha256:5bacc0802516f054f98d9f218ada17b2e8a756e35cb71e7401bb8422848fe796",
                "sha256:5c5e6575e0ca0cd292d459cf627a27a505f38a6edad6f35fd9c4bce4a2cccef3",
                "sha256:5d3c1202e9e03b93ef5e385fcee917d73e23833618472e6416c0fc58b53ba8b8",
                "sha256:60699d10679c8361690703b79abde4a2e7b8047540f0c58fd5da0ac672a15321",
                "sha256:6556cbee2d755dc99a99a5a85c302393e58bcbbf675bc93fa9ab283904dadbfc",
                "sha256:65eb8c6e572f24abadf1cd64516d41b18cef6defbcbb8bf68db286ad0053d2e6",
                "sha256:6bc73ea62605c8725aba2422de1b546a5c4a6e5e73dcf66f9e22102249342d6b",
                "sha256:6f4563e5cd130016f8ea17602422b36abe4f63d2073ba98f2dbed42377b2f91c",
                "sha256:70b4e26bc604d7af87a5e5605b3480db9832eab0dbcf0b86565a813716653cce",
                "sha256:7228715ce0ced5e06cb116c12a48d101b4148714b352ffaebb2f12378483b530",
                "sha256:73b840b612a6ce840e2206a9f097f4ad07c1ca4ed99a3b0d14444224daf55e88",
                "sha256:7d2e933e9b197e9a51c3fbfce389a70201fbce1b7c60172f790760217d7927f8",
                "sha256:855cf50d03f6fc16e1fd5e364b3cea0b79f4bf90d39ff2123969735d851e08ba",
                "sha256:8ac4e238f172806b2f75a719895414ff8c67500ab0bfa691e53ee2a99cb85722",
                "sha256:8ce3fd54c76845c24dcd1cbc73fa5c72969df191bf7cd388a446f2f38342885c",
                "sha256:91537935612d8fb4b8f621a912ce0eb4e363fdf615d472b20a043a7a18efb461",
                "sha256:963ce7b93340f235db5c7f16b46835c72681896052dcbf1652a01946e7b9103e",
                "sha256:a6f97ffc84cdce0926f86a2f4bee088e661f5f93bec9112adca281341f463479",
                "sha256:a79fc89bae89be6bede9b4b01aff3967cd009c02edec1e70e6de8e52ef93b5fc",
                "sha256:b1461731cde80ea246bce6ff87320367dbba206ee51a3370d99e679540dbcc17",
                "sha256:b37e1314500cec3457210f4c8a7583afe35751f076efa8122faa0f205403d645",
                "sha256:b3c8d4f32a36ef4c345660a708067b6074dd380d0585589867333f7cb350bb9d",
                "sha256:b4f08c341d8aed2d7762589fdd99c4d3e191d4976dab59516b522704a67a281d",
                "sha256:b56dfc8d6d88253bdd8fc747b38548ef4730a9f1e03780cd96455f44e5e13ae5",
                "sha256:b7c2e4adcdf7341dc05f31f13d85b6c4eed0e08daafc836e7b3317df41074bab",
                "sha256:b95c477fc619a82a68800ff18599e2704aec6fcf9aa65898b02f0240feeb0af5",
                "sha256:ba1ae4dd323f019e0a1750555b02d91934724e4d556638baa60b5ca62e30f353",
                "sha256:bb5588a204f7e6b42e0c4306459d34562d881e504202c5eed34c19fe86e6893e",
                "sha256:c1cd659136fca622a9324fa7efa56f711f2e576206754c284b80aa5504fb96e4",
                "sha256:c8b9347a91acd183db302e198cf582127eb3de98ad185bf9aff773c99e415320",
                "sha256:c96ee1d1b504a2efa80c9d6d3b71a9884c724dc34d6e67131a64678e09c7a81c",
                "sha256:cb10b5ce2cf81f9f03c6c8c682a8ebeb9d9052f7725ec5fb46b8adacb7f70a8d",
                "sha256:cbd9a1a45d982e346063ec4f4ce100021c565ee3102f9ff7f678019d5febada8",
                "sha256:cbe7ef581068620aa82fec573be7e3ac00deb9b19e5f0aeb0b8363c2f3f9194a",
                "sha256:cc3256fd23f5c7bef4bcc562db9d2cd04634a7b01dee41ea35e8e92a2334a949",
                "sha256:ce89c26671cd0fcb7967e4be4098ae8775b93cc6376ecd523c815cb5a2146298",
                "sha256:d0d96859d1ebfd7c6c8daa761a05ee9df0a70278ec3011b3b5c6e56ac4996fa7",
                "sha256:d2f418adafb584ce878b60c0bf86e55ac2714277beb09127bdb6f1d65f46ddb7",
                "sha256:d643db246d6c07994fbb98b5fa6c6ae8f9b19b4ed24566bc06942b7dad10ad47",
                "sha256:d650df98a3ad35685809a28676d975db28425ff98ebf0d2ce603984e1296daf8",
                "sha256:dec8a348e46266dd0bf20a6edd01b96b0a11042e8654d701444e4a5cebf7f44b",
                "sha256:df9a1e569543006abe0c534a3fa66ee1d72393644fd0d5bc74de57bfdb619573",
                "sha256:e2087daa49881421a5e703fcff80aa2cbcb5a455cf73114ed5f0ea2a697794c8",
                "sha256:e74e53951228c3e6ff5141121bd2876e8aecdb27d5f12d01cc519258e0073d8b",
                "sha256:e74ec744167412977d5ccd43757aaef143e4290717efc16d60646a62e86f2d19",
                "sha256:ee90677fdfdaacdf653ef88370f0663c6a4d0d0225b898337e5989de227c6c21",
                "sha256:f262547edeec00ad287c8845ac6c9d7d822ef4b00d1832175c4c8fd692e34eba",
                "sha256:f79f7d00fad620ec4a35c80f284aeffb84d110955b1360b28866152c796cc75e",
                "sha256:fa2fcd16cb42e8831b898266b8055caa0a83813dcb5cd1a75f9026670c8143ee",
                "sha256:fdd6ee615d948a2b68fd293f74a1a73d22e9d075f5d714b95a90ec2cb8da8de0",
                "sha256:fe06bdb3ec104f5e1b8c03a0bfb22e3d23b4e94591ae73caec1940ce54eccc67",
                "sha256:fe32db84ba0c9d9b364e2b36a55620d6112133107f82854f19a4fdaa93fce66b"
            ],
            "index": "pypi",
            "version": "==1.4.6"
        },
        "pipenv": {
            "hashes": [
                "sha256:0226ed63c81725117ed284bd58eb07e64207dc0c3fc8b52ead0ab2db91321870",
                "sha256:612a395c583d81903b8dd9bbf14375b338a01bbcfdad28c17f465f2fc3fc6395"
            ],
            "index": "pypi",
            "markers": "python_version >= '3.8'",
            "version": "==2024.0.3"
        },
        "platformdirs": {
            "hashes": [
                "sha256:357fb2acbc885b0419afd3ce3ed34564c13c9b95c89360cd9563f73aa5e2b907",
                "sha256:73e575e1408ab8103900836b97580d5307456908a03e92031bab39e4554cc3fb"
            ],
            "index": "pypi",
            "markers": "python_version >= '3.8'",
            "version": "==4.3.6"
        },
        "pytz": {
            "hashes": [
                "sha256:2aa355083c50a0f93fa581709deac0c9ad65cca8a9e9beac660adcbd493c798a",
                "sha256:31c7c1817eb7fae7ca4b8c7ee50c72f93aa2dd863de768e1ef4245d426aa0725"
            ],
            "index": "pypi",
            "version": "==2024.2"
        },
        "rapidfuzz": {
            "hashes": [
                "sha256:00d02cbd75d283c287471b5b3738b3e05c9096150f93f2d2dfa10b3d700f2db9",
                "sha256:031f8b367e5d92f7a1e27f7322012f3c321c3110137b43cc3bf678505583ef48",
                "sha256:073a5b107e17ebd264198b78614c0206fa438cce749692af5bc5f8f484883f50",
                "sha256:0b75fe506c8e02769cc47f5ab21ce3e09b6211d3edaa8f8f27331cb6988779be",
                "sha256:0e06d99ad1ad97cb2ef7f51ec6b1fedd74a3a700e4949353871cf331d07b382a",
                "sha256:0fff4a6b87c07366662b62ae994ffbeadc472e72f725923f94b72a3db49f4671",
                "sha256:10746c1d4c8cd8881c28a87fd7ba0c9c102346dfe7ff1b0d021cdf093e9adbff",
                "sha256:1340b56340896bede246f612b6ecf685f661a56aabef3d2512481bfe23ac5835",
                "sha256:18123168cba156ab5794ea6de66db50f21bb3c66ae748d03316e71b27d907b95",
                "sha256:187d9747149321607be4ccd6f9f366730078bed806178ec3eeb31d05545e9e8f",
                "sha256:191633722203f5b7717efcb73a14f76f3b124877d0608c070b827c5226d0b972",
                "sha256:195baad28057ec9609e40385991004e470af9ef87401e24ebe72c064431524ab",
                "sha256:1996feb7a61609fa842e6b5e0c549983222ffdedaf29644cc67e479902846dfe",
                "sha256:1b35a118d61d6f008e8e3fb3a77674d10806a8972c7b8be433d6598df4d60b01",
                "sha256:1e6bbca9246d9eedaa1c84e04a7f555493ba324d52ae4d9f3d9ddd1b740dcd87",
                "sha256:1e96c84d6c2a0ca94e15acb5399118fff669f4306beb98a6d8ec6f5dccab4412",
                "sha256:2316515169b7b5a453f0ce3adbc46c42aa332cae9f2edb668e24d1fc92b2f2bb",
                "sha256:231ef1ec9cf7b59809ce3301006500b9d564ddb324635f4ea8f16b3e2a1780da",
                "sha256:237bec5dd1bfc9b40bbd786cd27949ef0c0eb5fab5eb491904c6b5df59d39d3c",
                "sha256:26f71582c0d62445067ee338ddad99b655a8f4e4ed517a90dcbfbb7d19310474",
                "sha256:2cf44d01bfe8ee605b7eaeecbc2b9ca64fc55765f17b304b40ed8995f69d7716",
                "sha256:335fee93188f8cd585552bb8057228ce0111bd227fa81bfd40b7df6b75def8ab",
                "sha256:3611c8f45379a12063d70075c75134f2a8bd2e4e9b8a7995112ddae95ca1c982",
                "sha256:365e4fc1a2b95082c890f5e98489b894e6bf8c338c6ac89bb6523c2ca6e9f086",
                "sha256:36c0e1483e21f918d0f2f26799fe5ac91c7b0c34220b73007301c4f831a9c4c7",
                "sha256:38b0dac2c8e057562b8f0d8ae5b663d2d6a28c5ab624de5b73cef9abb6129a24",
                "sha256:39c4983e2e2ccb9732f3ac7d81617088822f4a12291d416b09b8a1eadebb3e29",
                "sha256:3c3b537b97ac30da4b73930fa8a4fe2f79c6d1c10ad535c5c09726612cd6bed9",
                "sha256:425f4ac80b22153d391ee3f94bc854668a0c6c129f05cf2eaf5ee74474ddb69e",
                "sha256:440b5608ab12650d0390128d6858bc839ae77ffe5edf0b33a1551f2fa9860651",
                "sha256:4ffed25f9fdc0b287f30a98467493d1e1ce5b583f6317f70ec0263b3c97dbba6",
                "sha256:54bcf4efaaee8e015822be0c2c28214815f4f6b4f70d8362cfecbd58a71188ac",
                "sha256:565c2bd4f7d23c32834652b27b51dd711814ab614b4e12add8476be4e20d1cf5",
                "sha256:567f88180f2c1423b4fe3f3ad6e6310fc97b85bdba574801548597287fc07028",
                "sha256:5a15546d847a915b3f42dc79ef9b0c78b998b4e2c53b252e7166284066585979",
                "sha256:616290fb9a8fa87e48cb0326d26f98d4e29f17c3b762c2d586f2b35c1fd2034b",
                "sha256:65a2fa13e8a219f9b5dcb9e74abe3ced5838a7327e629f426d333dfc8c5a6e66",
                "sha256:666d5d8b17becc3f53447bcb2b6b33ce6c2df78792495d1fa82b2924cd48701a",
                "sha256:6729b856166a9e95c278410f73683957ea6100c8a9d0a8dbe434c49663689255",
                "sha256:6b2cd7c29d6ecdf0b780deb587198f13213ac01c430ada6913452fd0c40190fc",
                "sha256:6fde3bbb14e92ce8fcb5c2edfff72e474d0080cadda1c97785bf4822f037a309",
                "sha256:75561f3df9a906aaa23787e9992b228b1ab69007932dc42070f747103e177ba8",
                "sha256:779027d3307e1a2b1dc0c03c34df87a470a368a1a0840a9d2908baf2d4067956",
                "sha256:7b6015da2e707bf632a71772a2dbf0703cff6525732c005ad24987fe86e8ec32",
                "sha256:7f4f43f2204b56a61448ec2dd061e26fd344c404da99fb19f3458200c5874ba2",
                "sha256:82cac41a411e07a6f3dc80dfbd33f6be70ea0abd72e99c59310819d09f07d945",
                "sha256:8a2ef08b27167bcff230ffbfeedd4c4fa6353563d6aaa015d725dd3632fc3de7",
                "sha256:8d1b7082104d596a3eb012e0549b2634ed15015b569f48879701e9d8db959dbb",
                "sha256:8e06fe6a12241ec1b72c0566c6b28cda714d61965d86569595ad24793d1ab259",
                "sha256:9141fb0592e55f98fe9ac0f3ce883199b9c13e262e0bf40c5b18cdf926109d16",
                "sha256:92958ae075c87fef393f835ed02d4fe8d5ee2059a0934c6c447ea3417dfbf0e8",
                "sha256:958473c9f0bca250590200fd520b75be0dbdbc4a7327dc87a55b6d7dc8d68552",
                "sha256:9a0d519ff39db887cd73f4e297922786d548f5c05d6b51f4e6754f452a7f4296",
                "sha256:9d81bf186a453a2757472133b24915768abc7c3964194406ed93e170e16c21cb",
                "sha256:9da82aa4b46973aaf9e03bb4c3d6977004648c8638febfc0f9d237e865761270",
                "sha256:9ef60dfa73749ef91cb6073be1a3e135f4846ec809cc115f3cbfc6fe283a5584",
                "sha256:9f912d459e46607ce276128f52bea21ebc3e9a5ccf4cccfef30dd5bddcf47be8",
                "sha256:a1d9aa156ed52d3446388ba4c2f335e312191d1ca9d1f5762ee983cf23e4ecf6",
                "sha256:a7fbac18f2c19fc983838a60611e67e3262e36859994c26f2ee85bb268de2355",
                "sha256:aaf83e9170cb1338922ae42d320699dccbbdca8ffed07faeb0b9257822c26e24",
                "sha256:ac4452f182243cfab30ba4668ef2de101effaedc30f9faabb06a095a8c90fd16",
                "sha256:ac7adee6bcf0c6fee495d877edad1540a7e0f5fc208da03ccb64734b43522d7a",
                "sha256:b31f358a70efc143909fb3d75ac6cd3c139cd41339aa8f2a3a0ead8315731f2b",
                "sha256:ba7521e072c53e33c384e78615d0718e645cab3c366ecd3cc8cb732befd94967",
                "sha256:bc308d79a7e877226f36bdf4e149e3ed398d8277c140be5c1fd892ec41739e6d",
                "sha256:bebb7bc6aeb91cc57e4881b222484c26759ca865794187217c9dcea6c33adae6",
                "sha256:bfa48a4a2d45a41457f0840c48e579db157a927f4e97acf6e20df8fc521c79de",
                "sha256:c0c955e32afdbfdf6e9ee663d24afb25210152d98c26d22d399712d29a9b976b",
                "sha256:c34c022d5ad564f1a5a57a4a89793bd70d7bad428150fb8ff2760b223407cdcf",
                "sha256:c5da802a0d085ad81b0f62828fb55557996c497b2d0b551bbdfeafd6d447892f",
                "sha256:cf654702f144beaa093103841a2ea6910d617d0bb3fccb1d1fd63c54dde2cd49",
                "sha256:cfcc8feccf63245a22dfdd16e222f1a39771a44b870beb748117a0e09cbb4a62",
                "sha256:d02cf8e5af89a9ac8f53c438ddff6d773f62c25c6619b29db96f4aae248177c0",
                "sha256:d99c1cd9443b19164ec185a7d752f4b4db19c066c136f028991a480720472e23",
                "sha256:dfa64b89dcb906835e275187569e51aa9d546a444489e97aaf2cc84011565fbe",
                "sha256:e8e154b84a311263e1aca86818c962e1fa9eefdd643d1d5d197fcd2738f88cb9",
                "sha256:ec108bf25de674781d0a9a935030ba090c78d49def3d60f8724f3fc1e8e75024",
                "sha256:ed4f3adc1294834955b7e74edd3c6bd1aad5831c007f2d91ea839e76461a5879",
                "sha256:edd062490537e97ca125bc6c7f2b7331c2b73d21dc304615afe61ad1691e15d5",
                "sha256:efa1582a397da038e2f2576c9cd49b842f56fde37d84a6b0200ffebc08d82350",
                "sha256:f017dbfecc172e2d0c37cf9e3d519179d71a7f16094b57430dffc496a098aa17",
                "sha256:f12912acee1f506f974f58de9fdc2e62eea5667377a7e9156de53241c05fdba8",
                "sha256:f17d9f21bf2f2f785d74f7b0d407805468b4c173fa3e52c86ec94436b338e74a",
                "sha256:f1da2028cb4e41be55ee797a82d6c1cf589442504244249dfeb32efc608edee7",
                "sha256:f3bb81d4fe6a5d20650f8c0afcc8f6e1941f6fecdb434f11b874c42467baded0",
                "sha256:f98f36c6a1bb9a6c8bbec99ad87c8c0e364f34761739b5ea9adf7b48129ae8cf",
                "sha256:fc22d69a1c9cccd560a5c434c0371b2df0f47c309c635a01a913e03bbf183710",
                "sha256:fe07f8b9c3bb5c5ad1d2c66884253e03800f4189a60eb6acd6119ebaf3eb9894"
            ],
            "index": "pypi",
            "markers": "python_version >= '3.9'",
            "version": "==3.10.1"
        },
        "setuptools": {
            "hashes": [
                "sha256:5c4ccb41111392671f02bb5f8436dfc5a9a7185e80500531b133f5775c4163ef",
                "sha256:87cb777c3b96d638ca02031192d40390e0ad97737e27b6b4fa831bea86f2f829"
            ],
            "markers": "python_version >= '3.9'",
            "version": "==75.5.0"
        },
        "soupsieve": {
            "hashes": [
                "sha256:5663d5a7b3bfaeee0bc4372e7fc48f9cff4940b3eec54a6451cc5299f1097690",
                "sha256:eaa337ff55a1579b6549dc679565eac1e3d000563bcb1c8ab0d0fefbc0c2cdc7"
            ],
            "index": "pypi",
            "markers": "python_version >= '3.8'",
            "version": "==2.5"
        },
        "sqlparse": {
            "hashes": [
                "sha256:773dcbf9a5ab44a090f3441e2180efe2560220203dc2f8c0b0fa141e18b505e4",
                "sha256:bb6b4df465655ef332548e24f08e205afc81b9ab86cb1c45657a7ff173a3a00e"
            ],
            "index": "pypi",
            "markers": "python_version >= '3.8'",
            "version": "==0.5.1"
        },
        "thefuzz": {
            "hashes": [
                "sha256:59729b33556850b90e1093c4cf9e618af6f2e4c985df193fdf3c5b5cf02ca481",
                "sha256:7138039a7ecf540da323792d8592ef9902b1d79eb78c147d4f20664de79f3680"
            ],
            "index": "pypi",
            "markers": "python_version >= '3.8'",
            "version": "==0.22.1"
        },
        "tzdata": {
            "hashes": [
                "sha256:7d85cc416e9382e69095b7bdf4afd9e3880418a2413feec7069d533d6b4e31cc",
                "sha256:a48093786cdcde33cad18c2555e8532f34422074448fbc874186f0abd79565cd"
            ],
            "markers": "sys_platform == 'win32'",
            "version": "==2024.2"
        },
        "virtualenv": {
            "hashes": [
                "sha256:4f3ac17b81fba3ce3bd6f4ead2749a72da5929c01774948e243db9ba41df4ff6",
                "sha256:ce489cac131aa58f4b25e321d6d186171f78e6cb13fafbf32a840cee67733ff4"
            ],
            "index": "pypi",
            "markers": "python_version >= '3.7'",
            "version": "==20.26.5"
        }
    },
    "develop": {}
}
